
Microsoft Visual Studio Solution File, Format Version 12.00
# Visual Studio Version 16
VisualStudioVersion = 16.0.30406.217
MinimumVisualStudioVersion = 10.0.40219.1
Project("{9A19103F-16F7-4668-BE54-9A1E7A4F7556}") = "WordLadder.ConsoleApp", "WordLadder.ConsoleApp\WordLadder.ConsoleApp.csproj", "{FC0541D9-F37E-450F-AEF7-5A323A8F9FFD}"
EndProject
Project("{9A19103F-16F7-4668-BE54-9A1E7A4F7556}") = "WordLadder.Lib", "WordLadder.Lib\WordLadder.Lib.csproj", "{4898081A-3FBF-451B-92CC-FCACDDBA60A3}"
EndProject
Project("{9A19103F-16F7-4668-BE54-9A1E7A4F7556}") = "WordLadder.Lib.Tests", "WordLadder.Lib.Tests\WordLadder.Lib.Tests.csproj", "{13C9471A-B414-4C2B-9E42-2B59A0223A58}"
EndProject
Project("{2150E333-8FDC-42A3-9474-1A3956D46DE8}") = "Solution Items", "Solution Items", "{A1B2547B-1C2E-463E-BFE1-68211C7D24F8}"
	ProjectSection(SolutionItems) = preProject
		.editorconfig = .editorconfig
	EndProjectSection
EndProject
Global
	GlobalSection(SolutionConfigurationPlatforms) = preSolution
		Debug|Any CPU = Debug|Any CPU
		Release|Any CPU = Release|Any CPU
	EndGlobalSection
	GlobalSection(ProjectConfigurationPlatforms) = postSolution
		{FC0541D9-F37E-450F-AEF7-5A323A8F9FFD}.Debug|Any CPU.ActiveCfg = Debug|Any CPU
		{FC0541D9-F37E-450F-AEF7-5A323A8F9FFD}.Debug|Any CPU.Build.0 = Debug|Any CPU
		{FC0541D9-F37E-450F-AEF7-5A323A8F9FFD}.Release|Any CPU.ActiveCfg = Release|Any CPU
		{FC0541D9-F37E-450F-AEF7-5A323A8F9FFD}.Release|Any CPU.Build.0 = Release|Any CPU
		{4898081A-3FBF-451B-92CC-FCACDDBA60A3}.Debug|Any CPU.ActiveCfg = Debug|Any CPU
		{4898081A-3FBF-451B-92CC-FCACDDBA60A3}.Debug|Any CPU.Build.0 = Debug|Any CPU
		{4898081A-3FBF-451B-92CC-FCACDDBA60A3}.Release|Any CPU.ActiveCfg = Release|Any CPU
		{4898081A-3FBF-451B-92CC-FCACDDBA60A3}.Release|Any CPU.Build.0 = Release|Any CPU
		{13C9471A-B414-4C2B-9E42-2B59A0223A58}.Debug|Any CPU.ActiveCfg = Debug|Any CPU
		{13C9471A-B414-4C2B-9E42-2B59A0223A58}.Debug|Any CPU.Build.0 = Debug|Any CPU
		{13C9471A-B414-4C2B-9E42-2B59A0223A58}.Release|Any CPU.ActiveCfg = Release|Any CPU
		{13C9471A-B414-4C2B-9E42-2B59A0223A58}.Release|Any CPU.Build.0 = Release|Any CPU
	EndGlobalSection
	GlobalSection(SolutionProperties) = preSolution
		HideSolutionNode = FALSE
	EndGlobalSection
	GlobalSection(ExtensibilityGlobals) = postSolution
		SolutionGuid = {25BB31CD-48DB-44E1-AF09-A9160D605330}
	EndGlobalSection
EndGlobal
